
Microsoft Visual Studio Solution File, Format Version 12.00
# Visual Studio Version 17
VisualStudioVersion = 17.14.36202.13 d17.14
MinimumVisualStudioVersion = 10.0.40219.1
Project("{FAE04EC0-301F-11D3-BF4B-00C04F79EFBC}") = "Lab5_Practice_Linq", "Lab5_Practice_Linq\Lab5_Practice_Linq.csproj", "{79D325F9-4118-4D4D-A0E7-1459FD08202C}"
EndProject
Global
	GlobalSection(SolutionConfigurationPlatforms) = preSolution
		Debug|Any CPU = Debug|Any CPU
		Release|Any CPU = Release|Any CPU
	EndGlobalSection
	GlobalSection(ProjectConfigurationPlatforms) = postSolution
		{79D325F9-4118-4D4D-A0E7-1459FD08202C}.Debug|Any CPU.ActiveCfg = Debug|Any CPU
		{79D325F9-4118-4D4D-A0E7-1459FD08202C}.Debug|Any CPU.Build.0 = Debug|Any CPU
		{79D325F9-4118-4D4D-A0E7-1459FD08202C}.Release|Any CPU.ActiveCfg = Release|Any CPU
		{79D325F9-4118-4D4D-A0E7-1459FD08202C}.Release|Any CPU.Build.0 = Release|Any CPU
	EndGlobalSection
	GlobalSection(SolutionProperties) = preSolution
		HideSolutionNode = FALSE
	EndGlobalSection
	GlobalSection(ExtensibilityGlobals) = postSolution
		SolutionGuid = {0F424AF2-794F-4EAE-AB31-153B7C8F564F}
	EndGlobalSection
EndGlobal
