
Microsoft Visual Studio Solution File, Format Version 12.00
# Visual Studio Version 17
VisualStudioVersion = 17.14.36202.13 d17.14
MinimumVisualStudioVersion = 10.0.40219.1
Project("{FAE04EC0-301F-11D3-BF4B-00C04F79EFBC}") = "AJAX_Practice", "AJAX_Practice\AJAX_Practice.csproj", "{BBA4283A-F84B-4C28-BD6C-F08AABF4C9A8}"
EndProject
Global
	GlobalSection(SolutionConfigurationPlatforms) = preSolution
		Debug|Any CPU = Debug|Any CPU
		Release|Any CPU = Release|Any CPU
	EndGlobalSection
	GlobalSection(ProjectConfigurationPlatforms) = postSolution
		{BBA4283A-F84B-4C28-BD6C-F08AABF4C9A8}.Debug|Any CPU.ActiveCfg = Debug|Any CPU
		{BBA4283A-F84B-4C28-BD6C-F08AABF4C9A8}.Debug|Any CPU.Build.0 = Debug|Any CPU
		{BBA4283A-F84B-4C28-BD6C-F08AABF4C9A8}.Release|Any CPU.ActiveCfg = Release|Any CPU
		{BBA4283A-F84B-4C28-BD6C-F08AABF4C9A8}.Release|Any CPU.Build.0 = Release|Any CPU
	EndGlobalSection
	GlobalSection(SolutionProperties) = preSolution
		HideSolutionNode = FALSE
	EndGlobalSection
	GlobalSection(ExtensibilityGlobals) = postSolution
		SolutionGuid = {2D7CBACB-3131-4534-BEFA-24B81A969923}
	EndGlobalSection
EndGlobal
