
Microsoft Visual Studio Solution File, Format Version 12.00
# Visual Studio Version 17
VisualStudioVersion = 17.14.36202.13 d17.14
MinimumVisualStudioVersion = 10.0.40219.1
Project("{FAE04EC0-301F-11D3-BF4B-00C04F79EFBC}") = "EventRegistrationAPI", "EventRegistrationAPI\EventRegistrationAPI.csproj", "{7F6CD3EF-8338-48D7-9F82-8DF93C811256}"
EndProject
Global
	GlobalSection(SolutionConfigurationPlatforms) = preSolution
		Debug|Any CPU = Debug|Any CPU
		Release|Any CPU = Release|Any CPU
	EndGlobalSection
	GlobalSection(ProjectConfigurationPlatforms) = postSolution
		{7F6CD3EF-8338-48D7-9F82-8DF93C811256}.Debug|Any CPU.ActiveCfg = Debug|Any CPU
		{7F6CD3EF-8338-48D7-9F82-8DF93C811256}.Debug|Any CPU.Build.0 = Debug|Any CPU
		{7F6CD3EF-8338-48D7-9F82-8DF93C811256}.Release|Any CPU.ActiveCfg = Release|Any CPU
		{7F6CD3EF-8338-48D7-9F82-8DF93C811256}.Release|Any CPU.Build.0 = Release|Any CPU
	EndGlobalSection
	GlobalSection(SolutionProperties) = preSolution
		HideSolutionNode = FALSE
	EndGlobalSection
	GlobalSection(ExtensibilityGlobals) = postSolution
		SolutionGuid = {EFAAF634-1B31-40C6-97E7-45B84DA30EF5}
	EndGlobalSection
EndGlobal
